// !$*UTF8*$!
{
	archiveVersion = 1;
	classes = {
	};
	objectVersion = 50;
	objects = {

/* Begin PBXBuildFile section */
		26CD9C1F238115CA000B47A5 /* AppDelegate.swift in Sources */ = {isa = PBXBuildFile; fileRef = 26CD9C1E238115CA000B47A5 /* AppDelegate.swift */; };
		26CD9C27238115CA000B47A5 /* DownloadSample.xcdatamodeld in Sources */ = {isa = PBXBuildFile; fileRef = 26CD9C25238115CA000B47A5 /* DownloadSample.xcdatamodeld */; };
		26CD9C29238115CB000B47A5 /* Assets.xcassets in Resources */ = {isa = PBXBuildFile; fileRef = 26CD9C28238115CB000B47A5 /* Assets.xcassets */; };
		26CD9C2C238115CB000B47A5 /* LaunchScreen.storyboard in Resources */ = {isa = PBXBuildFile; fileRef = 26CD9C2A238115CB000B47A5 /* LaunchScreen.storyboard */; };
		26CD9C37238115CB000B47A5 /* DownloadSampleTests.swift in Sources */ = {isa = PBXBuildFile; fileRef = 26CD9C36238115CB000B47A5 /* DownloadSampleTests.swift */; };
		26CD9C42238115CB000B47A5 /* DownloadSampleUITests.swift in Sources */ = {isa = PBXBuildFile; fileRef = 26CD9C41238115CB000B47A5 /* DownloadSampleUITests.swift */; };
		26CD9C50238116A3000B47A5 /* DisplayParse.swift in Sources */ = {isa = PBXBuildFile; fileRef = 26CD9C4F238116A3000B47A5 /* DisplayParse.swift */; };
		26CD9C5623811923000B47A5 /* CoreDataManager.swift in Sources */ = {isa = PBXBuildFile; fileRef = 26CD9C5523811923000B47A5 /* CoreDataManager.swift */; };
		26CD9C5923811A7C000B47A5 /* Post+CoreDataClass.swift in Sources */ = {isa = PBXBuildFile; fileRef = 26CD9C5723811A7C000B47A5 /* Post+CoreDataClass.swift */; };
		26CD9C5A23811A7C000B47A5 /* Post+CoreDataProperties.swift in Sources */ = {isa = PBXBuildFile; fileRef = 26CD9C5823811A7C000B47A5 /* Post+CoreDataProperties.swift */; };
		350008AD23867A13002579FA /* ListViewController.swift in Sources */ = {isa = PBXBuildFile; fileRef = 350008AC23867A13002579FA /* ListViewController.swift */; };
		350008AF23867A71002579FA /* ListTableViewCell.swift in Sources */ = {isa = PBXBuildFile; fileRef = 350008AE23867A71002579FA /* ListTableViewCell.swift */; };
		350008B123867B28002579FA /* ListViewRouter.swift in Sources */ = {isa = PBXBuildFile; fileRef = 350008B023867B28002579FA /* ListViewRouter.swift */; };
		350008B323867C1B002579FA /* ListViewEntity.swift in Sources */ = {isa = PBXBuildFile; fileRef = 350008B223867C1B002579FA /* ListViewEntity.swift */; };
		350008B523867C25002579FA /* ListViewPresenter.swift in Sources */ = {isa = PBXBuildFile; fileRef = 350008B423867C25002579FA /* ListViewPresenter.swift */; };
		350008B723867C31002579FA /* ListViewInteractor.swift in Sources */ = {isa = PBXBuildFile; fileRef = 350008B623867C31002579FA /* ListViewInteractor.swift */; };
		350008BA238687BD002579FA /* PersistenceError.swift in Sources */ = {isa = PBXBuildFile; fileRef = 350008B8238687BC002579FA /* PersistenceError.swift */; };
		350008BB238687BD002579FA /* EndPoints.swift in Sources */ = {isa = PBXBuildFile; fileRef = 350008B9238687BD002579FA /* EndPoints.swift */; };
		3541F6FB2388FAB800A84F88 /* UIView+Extension.swift in Sources */ = {isa = PBXBuildFile; fileRef = 3541F6FA2388FAB800A84F88 /* UIView+Extension.swift */; };
		3541F7042389005D00A84F88 /* ListDetailViewController.swift in Sources */ = {isa = PBXBuildFile; fileRef = 3541F7032389005D00A84F88 /* ListDetailViewController.swift */; };
		3541F7062389007300A84F88 /* ListDetailViewInteractor.swift in Sources */ = {isa = PBXBuildFile; fileRef = 3541F7052389007300A84F88 /* ListDetailViewInteractor.swift */; };
		3541F7082389007E00A84F88 /* ListDetailViewPresenter.swift in Sources */ = {isa = PBXBuildFile; fileRef = 3541F7072389007E00A84F88 /* ListDetailViewPresenter.swift */; };
		3541F70A2389008A00A84F88 /* ListDetailViewEntity.swift in Sources */ = {isa = PBXBuildFile; fileRef = 3541F7092389008A00A84F88 /* ListDetailViewEntity.swift */; };
		3541F70C2389009600A84F88 /* ListDetailViewRouter.swift in Sources */ = {isa = PBXBuildFile; fileRef = 3541F70B2389009600A84F88 /* ListDetailViewRouter.swift */; };
		5FBE617526A109F7507371E4 /* Pods_DownloadSampleTests.framework in Frameworks */ = {isa = PBXBuildFile; fileRef = F6DC6506D64386242399A72E /* Pods_DownloadSampleTests.framework */; };
		C36DA08D89299FD30B303EDF /* Pods_DownloadSampleUITests.framework in Frameworks */ = {isa = PBXBuildFile; fileRef = 6CB3876083B0E677D75A0BB1 /* Pods_DownloadSampleUITests.framework */; };
		C72B18D31E87D09935AB6AF7 /* Pods_DownloadSample.framework in Frameworks */ = {isa = PBXBuildFile; fileRef = 3D7CD513ABD29D604D9879C3 /* Pods_DownloadSample.framework */; };
/* End PBXBuildFile section */

/* Begin PBXContainerItemProxy section */
		26CD9C33238115CB000B47A5 /* PBXContainerItemProxy */ = {
			isa = PBXContainerItemProxy;
			containerPortal = 26CD9C13238115CA000B47A5 /* Project object */;
			proxyType = 1;
			remoteGlobalIDString = 26CD9C1A238115CA000B47A5;
			remoteInfo = DownloadSample;
		};
		26CD9C3E238115CB000B47A5 /* PBXContainerItemProxy */ = {
			isa = PBXContainerItemProxy;
			containerPortal = 26CD9C13238115CA000B47A5 /* Project object */;
			proxyType = 1;
			remoteGlobalIDString = 26CD9C1A238115CA000B47A5;
			remoteInfo = DownloadSample;
		};
/* End PBXContainerItemProxy section */

/* Begin PBXFileReference section */
		1B8F6769EB19586D606913AA /* Pods-DownloadSampleUITests.release.xcconfig */ = {isa = PBXFileReference; includeInIndex = 1; lastKnownFileType = text.xcconfig; name = "Pods-DownloadSampleUITests.release.xcconfig"; path = "Pods/Target Support Files/Pods-DownloadSampleUITests/Pods-DownloadSampleUITests.release.xcconfig"; sourceTree = "<group>"; };
		26CD9C1B238115CA000B47A5 /* DownloadSample.app */ = {isa = PBXFileReference; explicitFileType = wrapper.application; includeInIndex = 0; path = DownloadSample.app; sourceTree = BUILT_PRODUCTS_DIR; };
		26CD9C1E238115CA000B47A5 /* AppDelegate.swift */ = {isa = PBXFileReference; lastKnownFileType = sourcecode.swift; path = AppDelegate.swift; sourceTree = "<group>"; };
		26CD9C26238115CA000B47A5 /* DownloadSample.xcdatamodel */ = {isa = PBXFileReference; lastKnownFileType = wrapper.xcdatamodel; path = DownloadSample.xcdatamodel; sourceTree = "<group>"; };
		26CD9C28238115CB000B47A5 /* Assets.xcassets */ = {isa = PBXFileReference; lastKnownFileType = folder.assetcatalog; path = Assets.xcassets; sourceTree = "<group>"; };
		26CD9C2B238115CB000B47A5 /* Base */ = {isa = PBXFileReference; lastKnownFileType = file.storyboard; name = Base; path = Base.lproj/LaunchScreen.storyboard; sourceTree = "<group>"; };
		26CD9C2D238115CB000B47A5 /* Info.plist */ = {isa = PBXFileReference; lastKnownFileType = text.plist.xml; path = Info.plist; sourceTree = "<group>"; };
		26CD9C32238115CB000B47A5 /* DownloadSampleTests.xctest */ = {isa = PBXFileReference; explicitFileType = wrapper.cfbundle; includeInIndex = 0; path = DownloadSampleTests.xctest; sourceTree = BUILT_PRODUCTS_DIR; };
		26CD9C36238115CB000B47A5 /* DownloadSampleTests.swift */ = {isa = PBXFileReference; lastKnownFileType = sourcecode.swift; path = DownloadSampleTests.swift; sourceTree = "<group>"; };
		26CD9C38238115CB000B47A5 /* Info.plist */ = {isa = PBXFileReference; lastKnownFileType = text.plist.xml; path = Info.plist; sourceTree = "<group>"; };
		26CD9C3D238115CB000B47A5 /* DownloadSampleUITests.xctest */ = {isa = PBXFileReference; explicitFileType = wrapper.cfbundle; includeInIndex = 0; path = DownloadSampleUITests.xctest; sourceTree = BUILT_PRODUCTS_DIR; };
		26CD9C41238115CB000B47A5 /* DownloadSampleUITests.swift */ = {isa = PBXFileReference; lastKnownFileType = sourcecode.swift; path = DownloadSampleUITests.swift; sourceTree = "<group>"; };
		26CD9C43238115CB000B47A5 /* Info.plist */ = {isa = PBXFileReference; lastKnownFileType = text.plist.xml; path = Info.plist; sourceTree = "<group>"; };
		26CD9C4F238116A3000B47A5 /* DisplayParse.swift */ = {isa = PBXFileReference; lastKnownFileType = sourcecode.swift; path = DisplayParse.swift; sourceTree = "<group>"; };
		26CD9C5523811923000B47A5 /* CoreDataManager.swift */ = {isa = PBXFileReference; lastKnownFileType = sourcecode.swift; path = CoreDataManager.swift; sourceTree = "<group>"; };
		26CD9C5723811A7C000B47A5 /* Post+CoreDataClass.swift */ = {isa = PBXFileReference; lastKnownFileType = sourcecode.swift; path = "Post+CoreDataClass.swift"; sourceTree = "<group>"; };
		26CD9C5823811A7C000B47A5 /* Post+CoreDataProperties.swift */ = {isa = PBXFileReference; lastKnownFileType = sourcecode.swift; path = "Post+CoreDataProperties.swift"; sourceTree = "<group>"; };
		2D1125E579BC4E662777A60D /* Pods-DownloadSample.release.xcconfig */ = {isa = PBXFileReference; includeInIndex = 1; lastKnownFileType = text.xcconfig; name = "Pods-DownloadSample.release.xcconfig"; path = "Pods/Target Support Files/Pods-DownloadSample/Pods-DownloadSample.release.xcconfig"; sourceTree = "<group>"; };
		3413ECEF12209759271018D8 /* Pods-DownloadSampleUITests.debug.xcconfig */ = {isa = PBXFileReference; includeInIndex = 1; lastKnownFileType = text.xcconfig; name = "Pods-DownloadSampleUITests.debug.xcconfig"; path = "Pods/Target Support Files/Pods-DownloadSampleUITests/Pods-DownloadSampleUITests.debug.xcconfig"; sourceTree = "<group>"; };
		350008AC23867A13002579FA /* ListViewController.swift */ = {isa = PBXFileReference; lastKnownFileType = sourcecode.swift; path = ListViewController.swift; sourceTree = "<group>"; };
		350008AE23867A71002579FA /* ListTableViewCell.swift */ = {isa = PBXFileReference; lastKnownFileType = sourcecode.swift; path = ListTableViewCell.swift; sourceTree = "<group>"; };
		350008B023867B28002579FA /* ListViewRouter.swift */ = {isa = PBXFileReference; lastKnownFileType = sourcecode.swift; path = ListViewRouter.swift; sourceTree = "<group>"; };
		350008B223867C1B002579FA /* ListViewEntity.swift */ = {isa = PBXFileReference; lastKnownFileType = sourcecode.swift; path = ListViewEntity.swift; sourceTree = "<group>"; };
		350008B423867C25002579FA /* ListViewPresenter.swift */ = {isa = PBXFileReference; lastKnownFileType = sourcecode.swift; path = ListViewPresenter.swift; sourceTree = "<group>"; };
		350008B623867C31002579FA /* ListViewInteractor.swift */ = {isa = PBXFileReference; lastKnownFileType = sourcecode.swift; path = ListViewInteractor.swift; sourceTree = "<group>"; };
		350008B8238687BC002579FA /* PersistenceError.swift */ = {isa = PBXFileReference; fileEncoding = 4; lastKnownFileType = sourcecode.swift; path = PersistenceError.swift; sourceTree = "<group>"; };
		350008B9238687BD002579FA /* EndPoints.swift */ = {isa = PBXFileReference; fileEncoding = 4; lastKnownFileType = sourcecode.swift; path = EndPoints.swift; sourceTree = "<group>"; };
		3541F6FA2388FAB800A84F88 /* UIView+Extension.swift */ = {isa = PBXFileReference; fileEncoding = 4; lastKnownFileType = sourcecode.swift; path = "UIView+Extension.swift"; sourceTree = "<group>"; };
		3541F7032389005D00A84F88 /* ListDetailViewController.swift */ = {isa = PBXFileReference; lastKnownFileType = sourcecode.swift; path = ListDetailViewController.swift; sourceTree = "<group>"; };
		3541F7052389007300A84F88 /* ListDetailViewInteractor.swift */ = {isa = PBXFileReference; lastKnownFileType = sourcecode.swift; path = ListDetailViewInteractor.swift; sourceTree = "<group>"; };
		3541F7072389007E00A84F88 /* ListDetailViewPresenter.swift */ = {isa = PBXFileReference; lastKnownFileType = sourcecode.swift; path = ListDetailViewPresenter.swift; sourceTree = "<group>"; };
		3541F7092389008A00A84F88 /* ListDetailViewEntity.swift */ = {isa = PBXFileReference; lastKnownFileType = sourcecode.swift; path = ListDetailViewEntity.swift; sourceTree = "<group>"; };
		3541F70B2389009600A84F88 /* ListDetailViewRouter.swift */ = {isa = PBXFileReference; lastKnownFileType = sourcecode.swift; path = ListDetailViewRouter.swift; sourceTree = "<group>"; };
		3D7CD513ABD29D604D9879C3 /* Pods_DownloadSample.framework */ = {isa = PBXFileReference; explicitFileType = wrapper.framework; includeInIndex = 0; path = Pods_DownloadSample.framework; sourceTree = BUILT_PRODUCTS_DIR; };
		5A3A4C078160952B55B30CFB /* Pods-DownloadSampleTests.debug.xcconfig */ = {isa = PBXFileReference; includeInIndex = 1; lastKnownFileType = text.xcconfig; name = "Pods-DownloadSampleTests.debug.xcconfig"; path = "Pods/Target Support Files/Pods-DownloadSampleTests/Pods-DownloadSampleTests.debug.xcconfig"; sourceTree = "<group>"; };
		6CB3876083B0E677D75A0BB1 /* Pods_DownloadSampleUITests.framework */ = {isa = PBXFileReference; explicitFileType = wrapper.framework; includeInIndex = 0; path = Pods_DownloadSampleUITests.framework; sourceTree = BUILT_PRODUCTS_DIR; };
		8E0C6A22AF10A544C7968EE4 /* Pods-DownloadSample.debug.xcconfig */ = {isa = PBXFileReference; includeInIndex = 1; lastKnownFileType = text.xcconfig; name = "Pods-DownloadSample.debug.xcconfig"; path = "Pods/Target Support Files/Pods-DownloadSample/Pods-DownloadSample.debug.xcconfig"; sourceTree = "<group>"; };
		C611C18CA0FDDF1E4673CC15 /* Pods-DownloadSampleTests.release.xcconfig */ = {isa = PBXFileReference; includeInIndex = 1; lastKnownFileType = text.xcconfig; name = "Pods-DownloadSampleTests.release.xcconfig"; path = "Pods/Target Support Files/Pods-DownloadSampleTests/Pods-DownloadSampleTests.release.xcconfig"; sourceTree = "<group>"; };
		F6DC6506D64386242399A72E /* Pods_DownloadSampleTests.framework */ = {isa = PBXFileReference; explicitFileType = wrapper.framework; includeInIndex = 0; path = Pods_DownloadSampleTests.framework; sourceTree = BUILT_PRODUCTS_DIR; };
/* End PBXFileReference section */

/* Begin PBXFrameworksBuildPhase section */
		26CD9C18238115CA000B47A5 /* Frameworks */ = {
			isa = PBXFrameworksBuildPhase;
			buildActionMask = 2147483647;
			files = (
				C72B18D31E87D09935AB6AF7 /* Pods_DownloadSample.framework in Frameworks */,
			);
			runOnlyForDeploymentPostprocessing = 0;
		};
		26CD9C2F238115CB000B47A5 /* Frameworks */ = {
			isa = PBXFrameworksBuildPhase;
			buildActionMask = 2147483647;
			files = (
				5FBE617526A109F7507371E4 /* Pods_DownloadSampleTests.framework in Frameworks */,
			);
			runOnlyForDeploymentPostprocessing = 0;
		};
		26CD9C3A238115CB000B47A5 /* Frameworks */ = {
			isa = PBXFrameworksBuildPhase;
			buildActionMask = 2147483647;
			files = (
				C36DA08D89299FD30B303EDF /* Pods_DownloadSampleUITests.framework in Frameworks */,
			);
			runOnlyForDeploymentPostprocessing = 0;
		};
/* End PBXFrameworksBuildPhase section */

/* Begin PBXGroup section */
		26CD9C12238115CA000B47A5 = {
			isa = PBXGroup;
			children = (
				26CD9C1D238115CA000B47A5 /* DownloadSample */,
				26CD9C35238115CB000B47A5 /* DownloadSampleTests */,
				26CD9C40238115CB000B47A5 /* DownloadSampleUITests */,
				26CD9C1C238115CA000B47A5 /* Products */,
				A3BACE8719B0EEAAF8257F73 /* Pods */,
				921F4D3E3178D65EEAA1E6C5 /* Frameworks */,
			);
			sourceTree = "<group>";
		};
		26CD9C1C238115CA000B47A5 /* Products */ = {
			isa = PBXGroup;
			children = (
				26CD9C1B238115CA000B47A5 /* DownloadSample.app */,
				26CD9C32238115CB000B47A5 /* DownloadSampleTests.xctest */,
				26CD9C3D238115CB000B47A5 /* DownloadSampleUITests.xctest */,
			);
			name = Products;
			sourceTree = "<group>";
		};
		26CD9C1D238115CA000B47A5 /* DownloadSample */ = {
			isa = PBXGroup;
			children = (
				3541F6FC2388FFEB00A84F88 /* List */,
				3541F7022389003600A84F88 /* ListDetail */,
				3541F6FA2388FAB800A84F88 /* UIView+Extension.swift */,
				350008B8238687BC002579FA /* PersistenceError.swift */,
				350008B9238687BD002579FA /* EndPoints.swift */,
				26CD9C5723811A7C000B47A5 /* Post+CoreDataClass.swift */,
				26CD9C5823811A7C000B47A5 /* Post+CoreDataProperties.swift */,
				26CD9C1E238115CA000B47A5 /* AppDelegate.swift */,
				26CD9C28238115CB000B47A5 /* Assets.xcassets */,
				26CD9C2A238115CB000B47A5 /* LaunchScreen.storyboard */,
				26CD9C2D238115CB000B47A5 /* Info.plist */,
				26CD9C25238115CA000B47A5 /* DownloadSample.xcdatamodeld */,
				26CD9C4F238116A3000B47A5 /* DisplayParse.swift */,
				26CD9C5523811923000B47A5 /* CoreDataManager.swift */,
			);
			path = DownloadSample;
			sourceTree = "<group>";
		};
		26CD9C35238115CB000B47A5 /* DownloadSampleTests */ = {
			isa = PBXGroup;
			children = (
				26CD9C36238115CB000B47A5 /* DownloadSampleTests.swift */,
				26CD9C38238115CB000B47A5 /* Info.plist */,
			);
			path = DownloadSampleTests;
			sourceTree = "<group>";
		};
		26CD9C40238115CB000B47A5 /* DownloadSampleUITests */ = {
			isa = PBXGroup;
			children = (
				26CD9C41238115CB000B47A5 /* DownloadSampleUITests.swift */,
				26CD9C43238115CB000B47A5 /* Info.plist */,
			);
			path = DownloadSampleUITests;
			sourceTree = "<group>";
		};
		350008A7238679DC002579FA /* View */ = {
			isa = PBXGroup;
			children = (
				350008AC23867A13002579FA /* ListViewController.swift */,
				350008AE23867A71002579FA /* ListTableViewCell.swift */,
			);
			path = View;
			sourceTree = "<group>";
		};
		350008A8238679E2002579FA /* Interactor */ = {
			isa = PBXGroup;
			children = (
				350008B623867C31002579FA /* ListViewInteractor.swift */,
			);
			path = Interactor;
			sourceTree = "<group>";
		};
		350008A9238679EA002579FA /* Presenter */ = {
			isa = PBXGroup;
			children = (
				350008B423867C25002579FA /* ListViewPresenter.swift */,
			);
			path = Presenter;
			sourceTree = "<group>";
		};
		350008AA238679EF002579FA /* Entity */ = {
			isa = PBXGroup;
			children = (
				350008B223867C1B002579FA /* ListViewEntity.swift */,
			);
			path = Entity;
			sourceTree = "<group>";
		};
		350008AB238679F5002579FA /* Router */ = {
			isa = PBXGroup;
			children = (
				350008B023867B28002579FA /* ListViewRouter.swift */,
			);
			path = Router;
			sourceTree = "<group>";
		};
		3541F6FC2388FFEB00A84F88 /* List */ = {
			isa = PBXGroup;
			children = (
				350008A7238679DC002579FA /* View */,
				350008A8238679E2002579FA /* Interactor */,
				350008A9238679EA002579FA /* Presenter */,
				350008AA238679EF002579FA /* Entity */,
				350008AB238679F5002579FA /* Router */,
			);
			path = List;
			sourceTree = "<group>";
		};
		3541F6FD2389000D00A84F88 /* Router */ = {
			isa = PBXGroup;
			children = (
				3541F70B2389009600A84F88 /* ListDetailViewRouter.swift */,
			);
			path = Router;
			sourceTree = "<group>";
		};
		3541F6FE2389001900A84F88 /* Entity */ = {
			isa = PBXGroup;
			children = (
				3541F7092389008A00A84F88 /* ListDetailViewEntity.swift */,
			);
			path = Entity;
			sourceTree = "<group>";
		};
		3541F6FF2389002000A84F88 /* Presenter */ = {
			isa = PBXGroup;
			children = (
				3541F7072389007E00A84F88 /* ListDetailViewPresenter.swift */,
			);
			path = Presenter;
			sourceTree = "<group>";
		};
		3541F7002389002A00A84F88 /* Interactor */ = {
			isa = PBXGroup;
			children = (
				3541F7052389007300A84F88 /* ListDetailViewInteractor.swift */,
			);
			path = Interactor;
			sourceTree = "<group>";
		};
		3541F7012389002F00A84F88 /* View */ = {
			isa = PBXGroup;
			children = (
				3541F7032389005D00A84F88 /* ListDetailViewController.swift */,
			);
			path = View;
			sourceTree = "<group>";
		};
		3541F7022389003600A84F88 /* ListDetail */ = {
			isa = PBXGroup;
			children = (
				3541F7012389002F00A84F88 /* View */,
				3541F7002389002A00A84F88 /* Interactor */,
				3541F6FF2389002000A84F88 /* Presenter */,
				3541F6FE2389001900A84F88 /* Entity */,
				3541F6FD2389000D00A84F88 /* Router */,
			);
			path = ListDetail;
			sourceTree = "<group>";
		};
		921F4D3E3178D65EEAA1E6C5 /* Frameworks */ = {
			isa = PBXGroup;
			children = (
				3D7CD513ABD29D604D9879C3 /* Pods_DownloadSample.framework */,
				F6DC6506D64386242399A72E /* Pods_DownloadSampleTests.framework */,
				6CB3876083B0E677D75A0BB1 /* Pods_DownloadSampleUITests.framework */,
			);
			name = Frameworks;
			sourceTree = "<group>";
		};
		A3BACE8719B0EEAAF8257F73 /* Pods */ = {
			isa = PBXGroup;
			children = (
				8E0C6A22AF10A544C7968EE4 /* Pods-DownloadSample.debug.xcconfig */,
				2D1125E579BC4E662777A60D /* Pods-DownloadSample.release.xcconfig */,
				5A3A4C078160952B55B30CFB /* Pods-DownloadSampleTests.debug.xcconfig */,
				C611C18CA0FDDF1E4673CC15 /* Pods-DownloadSampleTests.release.xcconfig */,
				3413ECEF12209759271018D8 /* Pods-DownloadSampleUITests.debug.xcconfig */,
				1B8F6769EB19586D606913AA /* Pods-DownloadSampleUITests.release.xcconfig */,
			);
			name = Pods;
			sourceTree = "<group>";
		};
/* End PBXGroup section */

/* Begin PBXNativeTarget section */
		26CD9C1A238115CA000B47A5 /* DownloadSample */ = {
			isa = PBXNativeTarget;
			buildConfigurationList = 26CD9C46238115CB000B47A5 /* Build configuration list for PBXNativeTarget "DownloadSample" */;
			buildPhases = (
				CCCE24058AA471A4B70EFE6F /* [CP] Check Pods Manifest.lock */,
				26CD9C17238115CA000B47A5 /* Sources */,
				26CD9C18238115CA000B47A5 /* Frameworks */,
				26CD9C19238115CA000B47A5 /* Resources */,
				D2C49FC299933ADC4ED0AE52 /* [CP] Embed Pods Frameworks */,
			);
			buildRules = (
			);
			dependencies = (
			);
			name = DownloadSample;
			productName = DownloadSample;
			productReference = 26CD9C1B238115CA000B47A5 /* DownloadSample.app */;
			productType = "com.apple.product-type.application";
		};
		26CD9C31238115CB000B47A5 /* DownloadSampleTests */ = {
			isa = PBXNativeTarget;
			buildConfigurationList = 26CD9C49238115CB000B47A5 /* Build configuration list for PBXNativeTarget "DownloadSampleTests" */;
			buildPhases = (
				50E0B34BC15B792C23B6DECB /* [CP] Check Pods Manifest.lock */,
				26CD9C2E238115CB000B47A5 /* Sources */,
				26CD9C2F238115CB000B47A5 /* Frameworks */,
				26CD9C30238115CB000B47A5 /* Resources */,
			);
			buildRules = (
			);
			dependencies = (
				26CD9C34238115CB000B47A5 /* PBXTargetDependency */,
			);
			name = DownloadSampleTests;
			productName = DownloadSampleTests;
			productReference = 26CD9C32238115CB000B47A5 /* DownloadSampleTests.xctest */;
			productType = "com.apple.product-type.bundle.unit-test";
		};
		26CD9C3C238115CB000B47A5 /* DownloadSampleUITests */ = {
			isa = PBXNativeTarget;
			buildConfigurationList = 26CD9C4C238115CB000B47A5 /* Build configuration list for PBXNativeTarget "DownloadSampleUITests" */;
			buildPhases = (
				0FFFF53426649B50C07AB33F /* [CP] Check Pods Manifest.lock */,
				26CD9C39238115CB000B47A5 /* Sources */,
				26CD9C3A238115CB000B47A5 /* Frameworks */,
				26CD9C3B238115CB000B47A5 /* Resources */,
			);
			buildRules = (
			);
			dependencies = (
				26CD9C3F238115CB000B47A5 /* PBXTargetDependency */,
			);
			name = DownloadSampleUITests;
			productName = DownloadSampleUITests;
			productReference = 26CD9C3D238115CB000B47A5 /* DownloadSampleUITests.xctest */;
			productType = "com.apple.product-type.bundle.ui-testing";
		};
/* End PBXNativeTarget section */

/* Begin PBXProject section */
		26CD9C13238115CA000B47A5 /* Project object */ = {
			isa = PBXProject;
			attributes = {
				LastSwiftUpdateCheck = 1020;
				LastUpgradeCheck = 1020;
				ORGANIZATIONNAME = ojas;
				TargetAttributes = {
					26CD9C1A238115CA000B47A5 = {
						CreatedOnToolsVersion = 10.2.1;
					};
					26CD9C31238115CB000B47A5 = {
						CreatedOnToolsVersion = 10.2.1;
						TestTargetID = 26CD9C1A238115CA000B47A5;
					};
					26CD9C3C238115CB000B47A5 = {
						CreatedOnToolsVersion = 10.2.1;
						TestTargetID = 26CD9C1A238115CA000B47A5;
					};
				};
			};
			buildConfigurationList = 26CD9C16238115CA000B47A5 /* Build configuration list for PBXProject "DownloadSample" */;
			compatibilityVersion = "Xcode 9.3";
			developmentRegion = en;
			hasScannedForEncodings = 0;
			knownRegions = (
				en,
				Base,
			);
			mainGroup = 26CD9C12238115CA000B47A5;
			productRefGroup = 26CD9C1C238115CA000B47A5 /* Products */;
			projectDirPath = "";
			projectRoot = "";
			targets = (
				26CD9C1A238115CA000B47A5 /* DownloadSample */,
				26CD9C31238115CB000B47A5 /* DownloadSampleTests */,
				26CD9C3C238115CB000B47A5 /* DownloadSampleUITests */,
			);
		};
/* End PBXProject section */

/* Begin PBXResourcesBuildPhase section */
		26CD9C19238115CA000B47A5 /* Resources */ = {
			isa = PBXResourcesBuildPhase;
			buildActionMask = 2147483647;
			files = (
				26CD9C2C238115CB000B47A5 /* LaunchScreen.storyboard in Resources */,
				26CD9C29238115CB000B47A5 /* Assets.xcassets in Resources */,
			);
			runOnlyForDeploymentPostprocessing = 0;
		};
		26CD9C30238115CB000B47A5 /* Resources */ = {
			isa = PBXResourcesBuildPhase;
			buildActionMask = 2147483647;
			files = (
			);
			runOnlyForDeploymentPostprocessing = 0;
		};
		26CD9C3B238115CB000B47A5 /* Resources */ = {
			isa = PBXResourcesBuildPhase;
			buildActionMask = 2147483647;
			files = (
			);
			runOnlyForDeploymentPostprocessing = 0;
		};
/* End PBXResourcesBuildPhase section */

/* Begin PBXShellScriptBuildPhase section */
		0FFFF53426649B50C07AB33F /* [CP] Check Pods Manifest.lock */ = {
			isa = PBXShellScriptBuildPhase;
			buildActionMask = 2147483647;
			files = (
			);
			inputFileListPaths = (
			);
			inputPaths = (
				"${PODS_PODFILE_DIR_PATH}/Podfile.lock",
				"${PODS_ROOT}/Manifest.lock",
			);
			name = "[CP] Check Pods Manifest.lock";
			outputFileListPaths = (
			);
			outputPaths = (
				"$(DERIVED_FILE_DIR)/Pods-DownloadSampleUITests-checkManifestLockResult.txt",
			);
			runOnlyForDeploymentPostprocessing = 0;
			shellPath = /bin/sh;
			shellScript = "diff \"${PODS_PODFILE_DIR_PATH}/Podfile.lock\" \"${PODS_ROOT}/Manifest.lock\" > /dev/null\nif [ $? != 0 ] ; then\n    # print error to STDERR\n    echo \"error: The sandbox is not in sync with the Podfile.lock. Run 'pod install' or update your CocoaPods installation.\" >&2\n    exit 1\nfi\n# This output is used by Xcode 'outputs' to avoid re-running this script phase.\necho \"SUCCESS\" > \"${SCRIPT_OUTPUT_FILE_0}\"\n";
			showEnvVarsInLog = 0;
		};
		50E0B34BC15B792C23B6DECB /* [CP] Check Pods Manifest.lock */ = {
			isa = PBXShellScriptBuildPhase;
			buildActionMask = 2147483647;
			files = (
			);
			inputFileListPaths = (
			);
			inputPaths = (
				"${PODS_PODFILE_DIR_PATH}/Podfile.lock",
				"${PODS_ROOT}/Manifest.lock",
			);
			name = "[CP] Check Pods Manifest.lock";
			outputFileListPaths = (
			);
			outputPaths = (
				"$(DERIVED_FILE_DIR)/Pods-DownloadSampleTests-checkManifestLockResult.txt",
			);
			runOnlyForDeploymentPostprocessing = 0;
			shellPath = /bin/sh;
			shellScript = "diff \"${PODS_PODFILE_DIR_PATH}/Podfile.lock\" \"${PODS_ROOT}/Manifest.lock\" > /dev/null\nif [ $? != 0 ] ; then\n    # print error to STDERR\n    echo \"error: The sandbox is not in sync with the Podfile.lock. Run 'pod install' or update your CocoaPods installation.\" >&2\n    exit 1\nfi\n# This output is used by Xcode 'outputs' to avoid re-running this script phase.\necho \"SUCCESS\" > \"${SCRIPT_OUTPUT_FILE_0}\"\n";
			showEnvVarsInLog = 0;
		};
		CCCE24058AA471A4B70EFE6F /* [CP] Check Pods Manifest.lock */ = {
			isa = PBXShellScriptBuildPhase;
			buildActionMask = 2147483647;
			files = (
			);
			inputFileListPaths = (
			);
			inputPaths = (
				"${PODS_PODFILE_DIR_PATH}/Podfile.lock",
				"${PODS_ROOT}/Manifest.lock",
			);
			name = "[CP] Check Pods Manifest.lock";
			outputFileListPaths = (
			);
			outputPaths = (
				"$(DERIVED_FILE_DIR)/Pods-DownloadSample-checkManifestLockResult.txt",
			);
			runOnlyForDeploymentPostprocessing = 0;
			shellPath = /bin/sh;
			shellScript = "diff \"${PODS_PODFILE_DIR_PATH}/Podfile.lock\" \"${PODS_ROOT}/Manifest.lock\" > /dev/null\nif [ $? != 0 ] ; then\n    # print error to STDERR\n    echo \"error: The sandbox is not in sync with the Podfile.lock. Run 'pod install' or update your CocoaPods installation.\" >&2\n    exit 1\nfi\n# This output is used by Xcode 'outputs' to avoid re-running this script phase.\necho \"SUCCESS\" > \"${SCRIPT_OUTPUT_FILE_0}\"\n";
			showEnvVarsInLog = 0;
		};
		D2C49FC299933ADC4ED0AE52 /* [CP] Embed Pods Frameworks */ = {
			isa = PBXShellScriptBuildPhase;
			buildActionMask = 2147483647;
			files = (
			);
			inputFileListPaths = (
			);
			inputPaths = (
				"${SRCROOT}/Pods/Target Support Files/Pods-DownloadSample/Pods-DownloadSample-frameworks.sh",
				"${BUILT_PRODUCTS_DIR}/PKHUD/PKHUD.framework",
			);
			name = "[CP] Embed Pods Frameworks";
			outputFileListPaths = (
			);
			outputPaths = (
				"${TARGET_BUILD_DIR}/${FRAMEWORKS_FOLDER_PATH}/PKHUD.framework",
			);
			runOnlyForDeploymentPostprocessing = 0;
			shellPath = /bin/sh;
			shellScript = "\"${SRCROOT}/Pods/Target Support Files/Pods-DownloadSample/Pods-DownloadSample-frameworks.sh\"\n";
			showEnvVarsInLog = 0;
		};
/* End PBXShellScriptBuildPhase section */

/* Begin PBXSourcesBuildPhase section */
		26CD9C17238115CA000B47A5 /* Sources */ = {
			isa = PBXSourcesBuildPhase;
			buildActionMask = 2147483647;
			files = (
				3541F7082389007E00A84F88 /* ListDetailViewPresenter.swift in Sources */,
				26CD9C5923811A7C000B47A5 /* Post+CoreDataClass.swift in Sources */,
				3541F7062389007300A84F88 /* ListDetailViewInteractor.swift in Sources */,
				26CD9C1F238115CA000B47A5 /* AppDelegate.swift in Sources */,
				350008B323867C1B002579FA /* ListViewEntity.swift in Sources */,
				3541F6FB2388FAB800A84F88 /* UIView+Extension.swift in Sources */,
				26CD9C50238116A3000B47A5 /* DisplayParse.swift in Sources */,
				26CD9C5A23811A7C000B47A5 /* Post+CoreDataProperties.swift in Sources */,
				3541F70C2389009600A84F88 /* ListDetailViewRouter.swift in Sources */,
				350008B523867C25002579FA /* ListViewPresenter.swift in Sources */,
				3541F70A2389008A00A84F88 /* ListDetailViewEntity.swift in Sources */,
				3541F7042389005D00A84F88 /* ListDetailViewController.swift in Sources */,
				350008AD23867A13002579FA /* ListViewController.swift in Sources */,
				26CD9C27238115CA000B47A5 /* DownloadSample.xcdatamodeld in Sources */,
				350008B123867B28002579FA /* ListViewRouter.swift in Sources */,
				350008B723867C31002579FA /* ListViewInteractor.swift in Sources */,
				26CD9C5623811923000B47A5 /* CoreDataManager.swift in Sources */,
				350008BA238687BD002579FA /* PersistenceError.swift in Sources */,
				350008BB238687BD002579FA /* EndPoints.swift in Sources */,
				350008AF23867A71002579FA /* ListTableViewCell.swift in Sources */,
			);
			runOnlyForDeploymentPostprocessing = 0;
		};
		26CD9C2E238115CB000B47A5 /* Sources */ = {
			isa = PBXSourcesBuildPhase;
			buildActionMask = 2147483647;
			files = (
				26CD9C37238115CB000B47A5 /* DownloadSampleTests.swift in Sources */,
			);
			runOnlyForDeploymentPostprocessing = 0;
		};
		26CD9C39238115CB000B47A5 /* Sources */ = {
			isa = PBXSourcesBuildPhase;
			buildActionMask = 2147483647;
			files = (
				26CD9C42238115CB000B47A5 /* DownloadSampleUITests.swift in Sources */,
			);
			runOnlyForDeploymentPostprocessing = 0;
		};
/* End PBXSourcesBuildPhase section */

/* Begin PBXTargetDependency section */
		26CD9C34238115CB000B47A5 /* PBXTargetDependency */ = {
			isa = PBXTargetDependency;
			target = 26CD9C1A238115CA000B47A5 /* DownloadSample */;
			targetProxy = 26CD9C33238115CB000B47A5 /* PBXContainerItemProxy */;
		};
		26CD9C3F238115CB000B47A5 /* PBXTargetDependency */ = {
			isa = PBXTargetDependency;
			target = 26CD9C1A238115CA000B47A5 /* DownloadSample */;
			targetProxy = 26CD9C3E238115CB000B47A5 /* PBXContainerItemProxy */;
		};
/* End PBXTargetDependency section */

/* Begin PBXVariantGroup section */
		26CD9C2A238115CB000B47A5 /* LaunchScreen.storyboard */ = {
			isa = PBXVariantGroup;
			children = (
				26CD9C2B238115CB000B47A5 /* Base */,
			);
			name = LaunchScreen.storyboard;
			sourceTree = "<group>";
		};
/* End PBXVariantGroup section */

/* Begin XCBuildConfiguration section */
		26CD9C44238115CB000B47A5 /* Debug */ = {
			isa = XCBuildConfiguration;
			buildSettings = {
				ALWAYS_SEARCH_USER_PATHS = NO;
				CLANG_ANALYZER_NONNULL = YES;
				CLANG_ANALYZER_NUMBER_OBJECT_CONVERSION = YES_AGGRESSIVE;
				CLANG_CXX_LANGUAGE_STANDARD = "gnu++14";
				CLANG_CXX_LIBRARY = "libc++";
				CLANG_ENABLE_MODULES = YES;
				CLANG_ENABLE_OBJC_ARC = YES;
				CLANG_ENABLE_OBJC_WEAK = YES;
				CLANG_WARN_BLOCK_CAPTURE_AUTORELEASING = YES;
				CLANG_WARN_BOOL_CONVERSION = YES;
				CLANG_WARN_COMMA = YES;
				CLANG_WARN_CONSTANT_CONVERSION = YES;
				CLANG_WARN_DEPRECATED_OBJC_IMPLEMENTATIONS = YES;
				CLANG_WARN_DIRECT_OBJC_ISA_USAGE = YES_ERROR;
				CLANG_WARN_DOCUMENTATION_COMMENTS = YES;
				CLANG_WARN_EMPTY_BODY = YES;
				CLANG_WARN_ENUM_CONVERSION = YES;
				CLANG_WARN_INFINITE_RECURSION = YES;
				CLANG_WARN_INT_CONVERSION = YES;
				CLANG_WARN_NON_LITERAL_NULL_CONVERSION = YES;
				CLANG_WARN_OBJC_IMPLICIT_RETAIN_SELF = YES;
				CLANG_WARN_OBJC_LITERAL_CONVERSION = YES;
				CLANG_WARN_OBJC_ROOT_CLASS = YES_ERROR;
				CLANG_WARN_RANGE_LOOP_ANALYSIS = YES;
				CLANG_WARN_STRICT_PROTOTYPES = YES;
				CLANG_WARN_SUSPICIOUS_MOVE = YES;
				CLANG_WARN_UNGUARDED_AVAILABILITY = YES_AGGRESSIVE;
				CLANG_WARN_UNREACHABLE_CODE = YES;
				CLANG_WARN__DUPLICATE_METHOD_MATCH = YES;
				CODE_SIGN_IDENTITY = "iPhone Developer";
				COPY_PHASE_STRIP = NO;
				DEBUG_INFORMATION_FORMAT = dwarf;
				ENABLE_STRICT_OBJC_MSGSEND = YES;
				ENABLE_TESTABILITY = YES;
				GCC_C_LANGUAGE_STANDARD = gnu11;
				GCC_DYNAMIC_NO_PIC = NO;
				GCC_NO_COMMON_BLOCKS = YES;
				GCC_OPTIMIZATION_LEVEL = 0;
				GCC_PREPROCESSOR_DEFINITIONS = (
					"DEBUG=1",
					"$(inherited)",
				);
				GCC_WARN_64_TO_32_BIT_CONVERSION = YES;
				GCC_WARN_ABOUT_RETURN_TYPE = YES_ERROR;
				GCC_WARN_UNDECLARED_SELECTOR = YES;
				GCC_WARN_UNINITIALIZED_AUTOS = YES_AGGRESSIVE;
				GCC_WARN_UNUSED_FUNCTION = YES;
				GCC_WARN_UNUSED_VARIABLE = YES;
				IPHONEOS_DEPLOYMENT_TARGET = 12.2;
				MTL_ENABLE_DEBUG_INFO = INCLUDE_SOURCE;
				MTL_FAST_MATH = YES;
				ONLY_ACTIVE_ARCH = YES;
				SDKROOT = iphoneos;
				SWIFT_ACTIVE_COMPILATION_CONDITIONS = DEBUG;
				SWIFT_OPTIMIZATION_LEVEL = "-Onone";
			};
			name = Debug;
		};
		26CD9C45238115CB000B47A5 /* Release */ = {
			isa = XCBuildConfiguration;
			buildSettings = {
				ALWAYS_SEARCH_USER_PATHS = NO;
				CLANG_ANALYZER_NONNULL = YES;
				CLANG_ANALYZER_NUMBER_OBJECT_CONVERSION = YES_AGGRESSIVE;
				CLANG_CXX_LANGUAGE_STANDARD = "gnu++14";
				CLANG_CXX_LIBRARY = "libc++";
				CLANG_ENABLE_MODULES = YES;
				CLANG_ENABLE_OBJC_ARC = YES;
				CLANG_ENABLE_OBJC_WEAK = YES;
				CLANG_WARN_BLOCK_CAPTURE_AUTORELEASING = YES;
				CLANG_WARN_BOOL_CONVERSION = YES;
				CLANG_WARN_COMMA = YES;
				CLANG_WARN_CONSTANT_CONVERSION = YES;
				CLANG_WARN_DEPRECATED_OBJC_IMPLEMENTATIONS = YES;
				CLANG_WARN_DIRECT_OBJC_ISA_USAGE = YES_ERROR;
				CLANG_WARN_DOCUMENTATION_COMMENTS = YES;
				CLANG_WARN_EMPTY_BODY = YES;
				CLANG_WARN_ENUM_CONVERSION = YES;
				CLANG_WARN_INFINITE_RECURSION = YES;
				CLANG_WARN_INT_CONVERSION = YES;
				CLANG_WARN_NON_LITERAL_NULL_CONVERSION = YES;
				CLANG_WARN_OBJC_IMPLICIT_RETAIN_SELF = YES;
				CLANG_WARN_OBJC_LITERAL_CONVERSION = YES;
				CLANG_WARN_OBJC_ROOT_CLASS = YES_ERROR;
				CLANG_WARN_RANGE_LOOP_ANALYSIS = YES;
				CLANG_WARN_STRICT_PROTOTYPES = YES;
				CLANG_WARN_SUSPICIOUS_MOVE = YES;
				CLANG_WARN_UNGUARDED_AVAILABILITY = YES_AGGRESSIVE;
				CLANG_WARN_UNREACHABLE_CODE = YES;
				CLANG_WARN__DUPLICATE_METHOD_MATCH = YES;
				CODE_SIGN_IDENTITY = "iPhone Developer";
				COPY_PHASE_STRIP = NO;
				DEBUG_INFORMATION_FORMAT = "dwarf-with-dsym";
				ENABLE_NS_ASSERTIONS = NO;
				ENABLE_STRICT_OBJC_MSGSEND = YES;
				GCC_C_LANGUAGE_STANDARD = gnu11;
				GCC_NO_COMMON_BLOCKS = YES;
				GCC_WARN_64_TO_32_BIT_CONVERSION = YES;
				GCC_WARN_ABOUT_RETURN_TYPE = YES_ERROR;
				GCC_WARN_UNDECLARED_SELECTOR = YES;
				GCC_WARN_UNINITIALIZED_AUTOS = YES_AGGRESSIVE;
				GCC_WARN_UNUSED_FUNCTION = YES;
				GCC_WARN_UNUSED_VARIABLE = YES;
				IPHONEOS_DEPLOYMENT_TARGET = 12.2;
				MTL_ENABLE_DEBUG_INFO = NO;
				MTL_FAST_MATH = YES;
				SDKROOT = iphoneos;
				SWIFT_COMPILATION_MODE = wholemodule;
				SWIFT_OPTIMIZATION_LEVEL = "-O";
				VALIDATE_PRODUCT = YES;
			};
			name = Release;
		};
		26CD9C47238115CB000B47A5 /* Debug */ = {
			isa = XCBuildConfiguration;
			baseConfigurationReference = 8E0C6A22AF10A544C7968EE4 /* Pods-DownloadSample.debug.xcconfig */;
			buildSettings = {
				ASSETCATALOG_COMPILER_APPICON_NAME = AppIcon;
				CODE_SIGN_STYLE = Automatic;
				INFOPLIST_FILE = DownloadSample/Info.plist;
				LD_RUNPATH_SEARCH_PATHS = (
					"$(inherited)",
					"@executable_path/Frameworks",
				);
				PRODUCT_BUNDLE_IDENTIFIER = maheshmavurapu.DownloadSample;
				PRODUCT_NAME = "$(TARGET_NAME)";
				SWIFT_VERSION = 5.0;
				TARGETED_DEVICE_FAMILY = "1,2";
			};
			name = Debug;
		};
		26CD9C48238115CB000B47A5 /* Release */ = {
			isa = XCBuildConfiguration;
			baseConfigurationReference = 2D1125E579BC4E662777A60D /* Pods-DownloadSample.release.xcconfig */;
			buildSettings = {
				ASSETCATALOG_COMPILER_APPICON_NAME = AppIcon;
				CODE_SIGN_STYLE = Automatic;
				INFOPLIST_FILE = DownloadSample/Info.plist;
				LD_RUNPATH_SEARCH_PATHS = (
					"$(inherited)",
					"@executable_path/Frameworks",
				);
				PRODUCT_BUNDLE_IDENTIFIER = maheshmavurapu.DownloadSample;
				PRODUCT_NAME = "$(TARGET_NAME)";
				SWIFT_VERSION = 5.0;
				TARGETED_DEVICE_FAMILY = "1,2";
			};
			name = Release;
		};
		26CD9C4A238115CB000B47A5 /* Debug */ = {
			isa = XCBuildConfiguration;
			baseConfigurationReference = 5A3A4C078160952B55B30CFB /* Pods-DownloadSampleTests.debug.xcconfig */;
			buildSettings = {
				ALWAYS_EMBED_SWIFT_STANDARD_LIBRARIES = YES;
				BUNDLE_LOADER = "$(TEST_HOST)";
				CODE_SIGN_STYLE = Automatic;
				INFOPLIST_FILE = DownloadSampleTests/Info.plist;
				LD_RUNPATH_SEARCH_PATHS = (
					"$(inherited)",
					"@executable_path/Frameworks",
					"@loader_path/Frameworks",
				);
				PRODUCT_BUNDLE_IDENTIFIER = maheshmavurapu.DownloadSampleTests;
				PRODUCT_NAME = "$(TARGET_NAME)";
				SWIFT_VERSION = 5.0;
				TARGETED_DEVICE_FAMILY = "1,2";
				TEST_HOST = "$(BUILT_PRODUCTS_DIR)/DownloadSample.app/DownloadSample";
			};
			name = Debug;
		};
		26CD9C4B238115CB000B47A5 /* Release */ = {
			isa = XCBuildConfiguration;
			baseConfigurationReference = C611C18CA0FDDF1E4673CC15 /* Pods-DownloadSampleTests.release.xcconfig */;
			buildSettings = {
				ALWAYS_EMBED_SWIFT_STANDARD_LIBRARIES = YES;
				BUNDLE_LOADER = "$(TEST_HOST)";
				CODE_SIGN_STYLE = Automatic;
				INFOPLIST_FILE = DownloadSampleTests/Info.plist;
				LD_RUNPATH_SEARCH_PATHS = (
					"$(inherited)",
					"@executable_path/Frameworks",
					"@loader_path/Frameworks",
				);
				PRODUCT_BUNDLE_IDENTIFIER = maheshmavurapu.DownloadSampleTests;
				PRODUCT_NAME = "$(TARGET_NAME)";
				SWIFT_VERSION = 5.0;
				TARGETED_DEVICE_FAMILY = "1,2";
				TEST_HOST = "$(BUILT_PRODUCTS_DIR)/DownloadSample.app/DownloadSample";
			};
			name = Release;
		};
		26CD9C4D238115CB000B47A5 /* Debug */ = {
			isa = XCBuildConfiguration;
			baseConfigurationReference = 3413ECEF12209759271018D8 /* Pods-DownloadSampleUITests.debug.xcconfig */;
			buildSettings = {
				ALWAYS_EMBED_SWIFT_STANDARD_LIBRARIES = YES;
				CODE_SIGN_STYLE = Automatic;
				INFOPLIST_FILE = DownloadSampleUITests/Info.plist;
				LD_RUNPATH_SEARCH_PATHS = (
					"$(inherited)",
					"@executable_path/Frameworks",
					"@loader_path/Frameworks",
				);
				PRODUCT_BUNDLE_IDENTIFIER = maheshmavurapu.DownloadSampleUITests;
				PRODUCT_NAME = "$(TARGET_NAME)";
				SWIFT_VERSION = 5.0;
				TARGETED_DEVICE_FAMILY = "1,2";
				TEST_TARGET_NAME = DownloadSample;
			};
			name = Debug;
		};
		26CD9C4E238115CB000B47A5 /* Release */ = {
			isa = XCBuildConfiguration;
			baseConfigurationReference = 1B8F6769EB19586D606913AA /* Pods-DownloadSampleUITests.release.xcconfig */;
			buildSettings = {
				ALWAYS_EMBED_SWIFT_STANDARD_LIBRARIES = YES;
				CODE_SIGN_STYLE = Automatic;
				INFOPLIST_FILE = DownloadSampleUITests/Info.plist;
				LD_RUNPATH_SEARCH_PATHS = (
					"$(inherited)",
					"@executable_path/Frameworks",
					"@loader_path/Frameworks",
				);
				PRODUCT_BUNDLE_IDENTIFIER = maheshmavurapu.DownloadSampleUITests;
				PRODUCT_NAME = "$(TARGET_NAME)";
				SWIFT_VERSION = 5.0;
				TARGETED_DEVICE_FAMILY = "1,2";
				TEST_TARGET_NAME = DownloadSample;
			};
			name = Release;
		};
/* End XCBuildConfiguration section */

/* Begin XCConfigurationList section */
		26CD9C16238115CA000B47A5 /* Build configuration list for PBXProject "DownloadSample" */ = {
			isa = XCConfigurationList;
			buildConfigurations = (
				26CD9C44238115CB000B47A5 /* Debug */,
				26CD9C45238115CB000B47A5 /* Release */,
			);
			defaultConfigurationIsVisible = 0;
			defaultConfigurationName = Release;
		};
		26CD9C46238115CB000B47A5 /* Build configuration list for PBXNativeTarget "DownloadSample" */ = {
			isa = XCConfigurationList;
			buildConfigurations = (
				26CD9C47238115CB000B47A5 /* Debug */,
				26CD9C48238115CB000B47A5 /* Release */,
			);
			defaultConfigurationIsVisible = 0;
			defaultConfigurationName = Release;
		};
		26CD9C49238115CB000B47A5 /* Build configuration list for PBXNativeTarget "DownloadSampleTests" */ = {
			isa = XCConfigurationList;
			buildConfigurations = (
				26CD9C4A238115CB000B47A5 /* Debug */,
				26CD9C4B238115CB000B47A5 /* Release */,
			);
			defaultConfigurationIsVisible = 0;
			defaultConfigurationName = Release;
		};
		26CD9C4C238115CB000B47A5 /* Build configuration list for PBXNativeTarget "DownloadSampleUITests" */ = {
			isa = XCConfigurationList;
			buildConfigurations = (
				26CD9C4D238115CB000B47A5 /* Debug */,
				26CD9C4E238115CB000B47A5 /* Release */,
			);
			defaultConfigurationIsVisible = 0;
			defaultConfigurationName = Release;
		};
/* End XCConfigurationList section */

/* Begin XCVersionGroup section */
		26CD9C25238115CA000B47A5 /* DownloadSample.xcdatamodeld */ = {
			isa = XCVersionGroup;
			children = (
				26CD9C26238115CA000B47A5 /* DownloadSample.xcdatamodel */,
			);
			currentVersion = 26CD9C26238115CA000B47A5 /* DownloadSample.xcdatamodel */;
			path = DownloadSample.xcdatamodeld;
			sourceTree = "<group>";
			versionGroupType = wrapper.xcdatamodel;
		};
/* End XCVersionGroup section */
	};
	rootObject = 26CD9C13238115CA000B47A5 /* Project object */;
}
